
Microsoft Visual Studio Solution File, Format Version 12.00
# Visual Studio Version 17
VisualStudioVersion = 17.14.36202.13 d17.14
MinimumVisualStudioVersion = 10.0.40219.1
Project("{FAE04EC0-301F-11D3-BF4B-00C04F79EFBC}") = "AmillieyPakhrin3", "AmillieyPakhrin3\AmillieyPakhrin3.csproj", "{7A39BD17-3B5F-43DC-9EAF-AB417BA65EED}"
EndProject
Global
	GlobalSection(SolutionConfigurationPlatforms) = preSolution
		Debug|Any CPU = Debug|Any CPU
		Release|Any CPU = Release|Any CPU
	EndGlobalSection
	GlobalSection(ProjectConfigurationPlatforms) = postSolution
		{7A39BD17-3B5F-43DC-9EAF-AB417BA65EED}.Debug|Any CPU.ActiveCfg = Debug|Any CPU
		{7A39BD17-3B5F-43DC-9EAF-AB417BA65EED}.Debug|Any CPU.Build.0 = Debug|Any CPU
		{7A39BD17-3B5F-43DC-9EAF-AB417BA65EED}.Release|Any CPU.ActiveCfg = Release|Any CPU
		{7A39BD17-3B5F-43DC-9EAF-AB417BA65EED}.Release|Any CPU.Build.0 = Release|Any CPU
	EndGlobalSection
	GlobalSection(SolutionProperties) = preSolution
		HideSolutionNode = FALSE
	EndGlobalSection
	GlobalSection(ExtensibilityGlobals) = postSolution
		SolutionGuid = {BEBC2D7A-E02A-4DF0-8D8A-444CC8338584}
	EndGlobalSection
EndGlobal
